// !$*UTF8*$!
{
	archiveVersion = 1;
	classes = {
	};
	objectVersion = 50;
	objects = {

/* Begin PBXBuildFile section */
		5801079424176E4700DD61A8 /* MapViewController.m in Sources */ = {isa = PBXBuildFile; fileRef = 5801079324176E4700DD61A8 /* MapViewController.m */; };
		5834023F241F635D000A44CF /* TabBarController.m in Sources */ = {isa = PBXBuildFile; fileRef = 5834023E241F635D000A44CF /* TabBarController.m */; };
		58340251241F7CA9000A44CF /* PhotoViewController.m in Sources */ = {isa = PBXBuildFile; fileRef = 58340250241F7CA9000A44CF /* PhotoViewController.m */; };
		58340254241F7F20000A44CF /* PhotoCollectionViewCell.m in Sources */ = {isa = PBXBuildFile; fileRef = 58340253241F7F20000A44CF /* PhotoCollectionViewCell.m */; };
		5842D34A240C62CF00F861EE /* Default-568h@2x.png in Resources */ = {isa = PBXBuildFile; fileRef = 5842D349240C62CF00F861EE /* Default-568h@2x.png */; };
		5842D34D240CDEA500F861EE /* NewsTableViewController.m in Sources */ = {isa = PBXBuildFile; fileRef = 5842D34C240CDEA500F861EE /* NewsTableViewController.m */; };
		5842D350240CE07300F861EE /* NewsTableViewCell.m in Sources */ = {isa = PBXBuildFile; fileRef = 5842D34F240CE07300F861EE /* NewsTableViewCell.m */; };
		5842D353240CF74000F861EE /* NewsDetailViewController.m in Sources */ = {isa = PBXBuildFile; fileRef = 5842D352240CF74000F861EE /* NewsDetailViewController.m */; };
		586ADAD8241672CB00975BCC /* LocationService.m in Sources */ = {isa = PBXBuildFile; fileRef = 586ADAD7241672CB00975BCC /* LocationService.m */; };
		589C1D8E23F6ACDD00A45CD5 /* AppDelegate.m in Sources */ = {isa = PBXBuildFile; fileRef = 589C1D8D23F6ACDD00A45CD5 /* AppDelegate.m */; };
		589C1D9923F6ACDE00A45CD5 /* Assets.xcassets in Resources */ = {isa = PBXBuildFile; fileRef = 589C1D9823F6ACDE00A45CD5 /* Assets.xcassets */; };
		589C1D9C23F6ACDE00A45CD5 /* LaunchScreen.storyboard in Resources */ = {isa = PBXBuildFile; fileRef = 589C1D9A23F6ACDE00A45CD5 /* LaunchScreen.storyboard */; };
		589C1D9F23F6ACDE00A45CD5 /* main.m in Sources */ = {isa = PBXBuildFile; fileRef = 589C1D9E23F6ACDE00A45CD5 /* main.m */; };
		58ABD1BC242108EE0025E25F /* ResultsViewController.m in Sources */ = {isa = PBXBuildFile; fileRef = 58ABD1BB242108EE0025E25F /* ResultsViewController.m */; };
		58ECD161240C499F00224FAB /* APIManager.m in Sources */ = {isa = PBXBuildFile; fileRef = 58ECD160240C499F00224FAB /* APIManager.m */; };
		58ECD164240C4D8C00224FAB /* News.m in Sources */ = {isa = PBXBuildFile; fileRef = 58ECD163240C4D8C00224FAB /* News.m */; };
/* End PBXBuildFile section */

/* Begin PBXFileReference section */
		5801079224176E4700DD61A8 /* MapViewController.h */ = {isa = PBXFileReference; lastKnownFileType = sourcecode.c.h; path = MapViewController.h; sourceTree = "<group>"; };
		5801079324176E4700DD61A8 /* MapViewController.m */ = {isa = PBXFileReference; lastKnownFileType = sourcecode.c.objc; path = MapViewController.m; sourceTree = "<group>"; };
		5834023D241F635D000A44CF /* TabBarController.h */ = {isa = PBXFileReference; lastKnownFileType = sourcecode.c.h; path = TabBarController.h; sourceTree = "<group>"; };
		5834023E241F635D000A44CF /* TabBarController.m */ = {isa = PBXFileReference; lastKnownFileType = sourcecode.c.objc; path = TabBarController.m; sourceTree = "<group>"; };
		5834024F241F7CA9000A44CF /* PhotoViewController.h */ = {isa = PBXFileReference; lastKnownFileType = sourcecode.c.h; path = PhotoViewController.h; sourceTree = "<group>"; };
		58340250241F7CA9000A44CF /* PhotoViewController.m */ = {isa = PBXFileReference; lastKnownFileType = sourcecode.c.objc; path = PhotoViewController.m; sourceTree = "<group>"; };
		58340252241F7F20000A44CF /* PhotoCollectionViewCell.h */ = {isa = PBXFileReference; lastKnownFileType = sourcecode.c.h; path = PhotoCollectionViewCell.h; sourceTree = "<group>"; };
		58340253241F7F20000A44CF /* PhotoCollectionViewCell.m */ = {isa = PBXFileReference; lastKnownFileType = sourcecode.c.objc; path = PhotoCollectionViewCell.m; sourceTree = "<group>"; };
		5842D349240C62CF00F861EE /* Default-568h@2x.png */ = {isa = PBXFileReference; lastKnownFileType = image.png; path = "Default-568h@2x.png"; sourceTree = "<group>"; };
		5842D34B240CDEA500F861EE /* NewsTableViewController.h */ = {isa = PBXFileReference; lastKnownFileType = sourcecode.c.h; path = NewsTableViewController.h; sourceTree = "<group>"; };
		5842D34C240CDEA500F861EE /* NewsTableViewController.m */ = {isa = PBXFileReference; lastKnownFileType = sourcecode.c.objc; path = NewsTableViewController.m; sourceTree = "<group>"; };
		5842D34E240CE07300F861EE /* NewsTableViewCell.h */ = {isa = PBXFileReference; lastKnownFileType = sourcecode.c.h; path = NewsTableViewCell.h; sourceTree = "<group>"; };
		5842D34F240CE07300F861EE /* NewsTableViewCell.m */ = {isa = PBXFileReference; lastKnownFileType = sourcecode.c.objc; path = NewsTableViewCell.m; sourceTree = "<group>"; };
		5842D351240CF74000F861EE /* NewsDetailViewController.h */ = {isa = PBXFileReference; lastKnownFileType = sourcecode.c.h; path = NewsDetailViewController.h; sourceTree = "<group>"; };
		5842D352240CF74000F861EE /* NewsDetailViewController.m */ = {isa = PBXFileReference; lastKnownFileType = sourcecode.c.objc; path = NewsDetailViewController.m; sourceTree = "<group>"; };
		586ADAD6241672CB00975BCC /* LocationService.h */ = {isa = PBXFileReference; lastKnownFileType = sourcecode.c.h; path = LocationService.h; sourceTree = "<group>"; };
		586ADAD7241672CB00975BCC /* LocationService.m */ = {isa = PBXFileReference; lastKnownFileType = sourcecode.c.objc; path = LocationService.m; sourceTree = "<group>"; };
		589C1D8923F6ACDD00A45CD5 /* GB_TicketSearch.app */ = {isa = PBXFileReference; explicitFileType = wrapper.application; includeInIndex = 0; path = GB_TicketSearch.app; sourceTree = BUILT_PRODUCTS_DIR; };
		589C1D8C23F6ACDD00A45CD5 /* AppDelegate.h */ = {isa = PBXFileReference; lastKnownFileType = sourcecode.c.h; path = AppDelegate.h; sourceTree = "<group>"; };
		589C1D8D23F6ACDD00A45CD5 /* AppDelegate.m */ = {isa = PBXFileReference; lastKnownFileType = sourcecode.c.objc; path = AppDelegate.m; sourceTree = "<group>"; };
		589C1D9823F6ACDE00A45CD5 /* Assets.xcassets */ = {isa = PBXFileReference; lastKnownFileType = folder.assetcatalog; path = Assets.xcassets; sourceTree = "<group>"; };
		589C1D9B23F6ACDE00A45CD5 /* Base */ = {isa = PBXFileReference; lastKnownFileType = file.storyboard; name = Base; path = Base.lproj/LaunchScreen.storyboard; sourceTree = "<group>"; };
		589C1D9D23F6ACDE00A45CD5 /* Info.plist */ = {isa = PBXFileReference; lastKnownFileType = text.plist.xml; path = Info.plist; sourceTree = "<group>"; };
		589C1D9E23F6ACDE00A45CD5 /* main.m */ = {isa = PBXFileReference; lastKnownFileType = sourcecode.c.objc; path = main.m; sourceTree = "<group>"; };
		58ABD1BA242108EE0025E25F /* ResultsViewController.h */ = {isa = PBXFileReference; lastKnownFileType = sourcecode.c.h; path = ResultsViewController.h; sourceTree = "<group>"; };
		58ABD1BB242108EE0025E25F /* ResultsViewController.m */ = {isa = PBXFileReference; lastKnownFileType = sourcecode.c.objc; path = ResultsViewController.m; sourceTree = "<group>"; };
		58ECD15F240C499F00224FAB /* APIManager.h */ = {isa = PBXFileReference; lastKnownFileType = sourcecode.c.h; path = APIManager.h; sourceTree = "<group>"; };
		58ECD160240C499F00224FAB /* APIManager.m */ = {isa = PBXFileReference; lastKnownFileType = sourcecode.c.objc; path = APIManager.m; sourceTree = "<group>"; };
		58ECD162240C4D8C00224FAB /* News.h */ = {isa = PBXFileReference; lastKnownFileType = sourcecode.c.h; path = News.h; sourceTree = "<group>"; };
		58ECD163240C4D8C00224FAB /* News.m */ = {isa = PBXFileReference; lastKnownFileType = sourcecode.c.objc; path = News.m; sourceTree = "<group>"; };
/* End PBXFileReference section */

/* Begin PBXFrameworksBuildPhase section */
		589C1D8623F6ACDD00A45CD5 /* Frameworks */ = {
			isa = PBXFrameworksBuildPhase;
			buildActionMask = 2147483647;
			files = (
			);
			runOnlyForDeploymentPostprocessing = 0;
		};
/* End PBXFrameworksBuildPhase section */

/* Begin PBXGroup section */
		58340243241F6C6F000A44CF /* Flows */ = {
			isa = PBXGroup;
			children = (
				58340247241F6C8B000A44CF /* TabBarController */,
				58340246241F6C81000A44CF /* PhotoCollection */,
				58340245241F6C7C000A44CF /* Map */,
				58340244241F6C77000A44CF /* News */,
			);
			path = Flows;
			sourceTree = "<group>";
		};
		58340244241F6C77000A44CF /* News */ = {
			isa = PBXGroup;
			children = (
				5842D34B240CDEA500F861EE /* NewsTableViewController.h */,
				5842D34C240CDEA500F861EE /* NewsTableViewController.m */,
				5842D351240CF74000F861EE /* NewsDetailViewController.h */,
				5842D352240CF74000F861EE /* NewsDetailViewController.m */,
				5842D34E240CE07300F861EE /* NewsTableViewCell.h */,
				5842D34F240CE07300F861EE /* NewsTableViewCell.m */,
				58ECD162240C4D8C00224FAB /* News.h */,
				58ECD163240C4D8C00224FAB /* News.m */,
				58ECD15F240C499F00224FAB /* APIManager.h */,
				58ECD160240C499F00224FAB /* APIManager.m */,
			);
			path = News;
			sourceTree = "<group>";
		};
		58340245241F6C7C000A44CF /* Map */ = {
			isa = PBXGroup;
			children = (
				586ADAD6241672CB00975BCC /* LocationService.h */,
				586ADAD7241672CB00975BCC /* LocationService.m */,
				5801079224176E4700DD61A8 /* MapViewController.h */,
				5801079324176E4700DD61A8 /* MapViewController.m */,
			);
			path = Map;
			sourceTree = "<group>";
		};
		58340246241F6C81000A44CF /* PhotoCollection */ = {
			isa = PBXGroup;
			children = (
				5834024F241F7CA9000A44CF /* PhotoViewController.h */,
				58340250241F7CA9000A44CF /* PhotoViewController.m */,
				58ABD1BA242108EE0025E25F /* ResultsViewController.h */,
				58ABD1BB242108EE0025E25F /* ResultsViewController.m */,
				58340252241F7F20000A44CF /* PhotoCollectionViewCell.h */,
				58340253241F7F20000A44CF /* PhotoCollectionViewCell.m */,
			);
			path = PhotoCollection;
			sourceTree = "<group>";
		};
		58340247241F6C8B000A44CF /* TabBarController */ = {
			isa = PBXGroup;
			children = (
				5834023D241F635D000A44CF /* TabBarController.h */,
				5834023E241F635D000A44CF /* TabBarController.m */,
			);
			path = TabBarController;
			sourceTree = "<group>";
		};
		589C1D8023F6ACDD00A45CD5 = {
			isa = PBXGroup;
			children = (
				5842D349240C62CF00F861EE /* Default-568h@2x.png */,
				589C1D8B23F6ACDD00A45CD5 /* GB_TicketSearch */,
				589C1D8A23F6ACDD00A45CD5 /* Products */,
			);
			sourceTree = "<group>";
		};
		589C1D8A23F6ACDD00A45CD5 /* Products */ = {
			isa = PBXGroup;
			children = (
				589C1D8923F6ACDD00A45CD5 /* GB_TicketSearch.app */,
			);
			name = Products;
			sourceTree = "<group>";
		};
		589C1D8B23F6ACDD00A45CD5 /* GB_TicketSearch */ = {
			isa = PBXGroup;
			children = (
				589C1D8C23F6ACDD00A45CD5 /* AppDelegate.h */,
				589C1D8D23F6ACDD00A45CD5 /* AppDelegate.m */,
				589C1D9823F6ACDE00A45CD5 /* Assets.xcassets */,
				589C1D9A23F6ACDE00A45CD5 /* LaunchScreen.storyboard */,
				589C1D9D23F6ACDE00A45CD5 /* Info.plist */,
				589C1D9E23F6ACDE00A45CD5 /* main.m */,
				58340243241F6C6F000A44CF /* Flows */,
			);
			path = GB_TicketSearch;
			sourceTree = "<group>";
		};
/* End PBXGroup section */

/* Begin PBXNativeTarget section */
		589C1D8823F6ACDD00A45CD5 /* GB_TicketSearch */ = {
			isa = PBXNativeTarget;
			buildConfigurationList = 589C1DA223F6ACDE00A45CD5 /* Build configuration list for PBXNativeTarget "GB_TicketSearch" */;
			buildPhases = (
				589C1D8523F6ACDD00A45CD5 /* Sources */,
				589C1D8623F6ACDD00A45CD5 /* Frameworks */,
				589C1D8723F6ACDD00A45CD5 /* Resources */,
			);
			buildRules = (
			);
			dependencies = (
			);
			name = GB_TicketSearch;
			productName = GB_TicketSearch;
			productReference = 589C1D8923F6ACDD00A45CD5 /* GB_TicketSearch.app */;
			productType = "com.apple.product-type.application";
		};
/* End PBXNativeTarget section */

/* Begin PBXProject section */
		589C1D8123F6ACDD00A45CD5 /* Project object */ = {
			isa = PBXProject;
			attributes = {
				LastUpgradeCheck = 1130;
				ORGANIZATIONNAME = Vitaly_Shishlayannikov;
				TargetAttributes = {
					589C1D8823F6ACDD00A45CD5 = {
						CreatedOnToolsVersion = 11.3.1;
					};
				};
			};
			buildConfigurationList = 589C1D8423F6ACDD00A45CD5 /* Build configuration list for PBXProject "GB_TicketSearch" */;
			compatibilityVersion = "Xcode 9.3";
			developmentRegion = en;
			hasScannedForEncodings = 0;
			knownRegions = (
				en,
				Base,
			);
			mainGroup = 589C1D8023F6ACDD00A45CD5;
			productRefGroup = 589C1D8A23F6ACDD00A45CD5 /* Products */;
			projectDirPath = "";
			projectRoot = "";
			targets = (
				589C1D8823F6ACDD00A45CD5 /* GB_TicketSearch */,
			);
		};
/* End PBXProject section */

/* Begin PBXResourcesBuildPhase section */
		589C1D8723F6ACDD00A45CD5 /* Resources */ = {
			isa = PBXResourcesBuildPhase;
			buildActionMask = 2147483647;
			files = (
				589C1D9C23F6ACDE00A45CD5 /* LaunchScreen.storyboard in Resources */,
				589C1D9923F6ACDE00A45CD5 /* Assets.xcassets in Resources */,
				5842D34A240C62CF00F861EE /* Default-568h@2x.png in Resources */,
			);
			runOnlyForDeploymentPostprocessing = 0;
		};
/* End PBXResourcesBuildPhase section */

/* Begin PBXSourcesBuildPhase section */
		589C1D8523F6ACDD00A45CD5 /* Sources */ = {
			isa = PBXSourcesBuildPhase;
			buildActionMask = 2147483647;
			files = (
				5842D34D240CDEA500F861EE /* NewsTableViewController.m in Sources */,
				58340254241F7F20000A44CF /* PhotoCollectionViewCell.m in Sources */,
				58ECD164240C4D8C00224FAB /* News.m in Sources */,
				589C1D8E23F6ACDD00A45CD5 /* AppDelegate.m in Sources */,
				5801079424176E4700DD61A8 /* MapViewController.m in Sources */,
				58ECD161240C499F00224FAB /* APIManager.m in Sources */,
				5842D350240CE07300F861EE /* NewsTableViewCell.m in Sources */,
				5842D353240CF74000F861EE /* NewsDetailViewController.m in Sources */,
				5834023F241F635D000A44CF /* TabBarController.m in Sources */,
				586ADAD8241672CB00975BCC /* LocationService.m in Sources */,
				58340251241F7CA9000A44CF /* PhotoViewController.m in Sources */,
				589C1D9F23F6ACDE00A45CD5 /* main.m in Sources */,
				58ABD1BC242108EE0025E25F /* ResultsViewController.m in Sources */,
			);
			runOnlyForDeploymentPostprocessing = 0;
		};
/* End PBXSourcesBuildPhase section */

/* Begin PBXVariantGroup section */
		589C1D9A23F6ACDE00A45CD5 /* LaunchScreen.storyboard */ = {
			isa = PBXVariantGroup;
			children = (
				589C1D9B23F6ACDE00A45CD5 /* Base */,
			);
			name = LaunchScreen.storyboard;
			sourceTree = "<group>";
		};
/* End PBXVariantGroup section */

/* Begin XCBuildConfiguration section */
		589C1DA023F6ACDE00A45CD5 /* Debug */ = {
			isa = XCBuildConfiguration;
			buildSettings = {
				ALWAYS_SEARCH_USER_PATHS = NO;
				CLANG_ANALYZER_NONNULL = YES;
				CLANG_ANALYZER_NUMBER_OBJECT_CONVERSION = YES_AGGRESSIVE;
				CLANG_CXX_LANGUAGE_STANDARD = "gnu++14";
				CLANG_CXX_LIBRARY = "libc++";
				CLANG_ENABLE_MODULES = YES;
				CLANG_ENABLE_OBJC_ARC = YES;
				CLANG_ENABLE_OBJC_WEAK = YES;
				CLANG_WARN_BLOCK_CAPTURE_AUTORELEASING = YES;
				CLANG_WARN_BOOL_CONVERSION = YES;
				CLANG_WARN_COMMA = YES;
				CLANG_WARN_CONSTANT_CONVERSION = YES;
				CLANG_WARN_DEPRECATED_OBJC_IMPLEMENTATIONS = YES;
				CLANG_WARN_DIRECT_OBJC_ISA_USAGE = YES_ERROR;
				CLANG_WARN_DOCUMENTATION_COMMENTS = YES;
				CLANG_WARN_EMPTY_BODY = YES;
				CLANG_WARN_ENUM_CONVERSION = YES;
				CLANG_WARN_INFINITE_RECURSION = YES;
				CLANG_WARN_INT_CONVERSION = YES;
				CLANG_WARN_NON_LITERAL_NULL_CONVERSION = YES;
				CLANG_WARN_OBJC_IMPLICIT_RETAIN_SELF = YES;
				CLANG_WARN_OBJC_LITERAL_CONVERSION = YES;
				CLANG_WARN_OBJC_ROOT_CLASS = YES_ERROR;
				CLANG_WARN_RANGE_LOOP_ANALYSIS = YES;
				CLANG_WARN_STRICT_PROTOTYPES = YES;
				CLANG_WARN_SUSPICIOUS_MOVE = YES;
				CLANG_WARN_UNGUARDED_AVAILABILITY = YES_AGGRESSIVE;
				CLANG_WARN_UNREACHABLE_CODE = YES;
				CLANG_WARN__DUPLICATE_METHOD_MATCH = YES;
				COPY_PHASE_STRIP = NO;
				DEBUG_INFORMATION_FORMAT = dwarf;
				ENABLE_STRICT_OBJC_MSGSEND = YES;
				ENABLE_TESTABILITY = YES;
				GCC_C_LANGUAGE_STANDARD = gnu11;
				GCC_DYNAMIC_NO_PIC = NO;
				GCC_NO_COMMON_BLOCKS = YES;
				GCC_OPTIMIZATION_LEVEL = 0;
				GCC_PREPROCESSOR_DEFINITIONS = (
					"DEBUG=1",
					"$(inherited)",
				);
				GCC_WARN_64_TO_32_BIT_CONVERSION = YES;
				GCC_WARN_ABOUT_RETURN_TYPE = YES_ERROR;
				GCC_WARN_UNDECLARED_SELECTOR = YES;
				GCC_WARN_UNINITIALIZED_AUTOS = YES_AGGRESSIVE;
				GCC_WARN_UNUSED_FUNCTION = YES;
				GCC_WARN_UNUSED_VARIABLE = YES;
				IPHONEOS_DEPLOYMENT_TARGET = 13.2;
				MTL_ENABLE_DEBUG_INFO = INCLUDE_SOURCE;
				MTL_FAST_MATH = YES;
				ONLY_ACTIVE_ARCH = YES;
				SDKROOT = iphoneos;
			};
			name = Debug;
		};
		589C1DA123F6ACDE00A45CD5 /* Release */ = {
			isa = XCBuildConfiguration;
			buildSettings = {
				ALWAYS_SEARCH_USER_PATHS = NO;
				CLANG_ANALYZER_NONNULL = YES;
				CLANG_ANALYZER_NUMBER_OBJECT_CONVERSION = YES_AGGRESSIVE;
				CLANG_CXX_LANGUAGE_STANDARD = "gnu++14";
				CLANG_CXX_LIBRARY = "libc++";
				CLANG_ENABLE_MODULES = YES;
				CLANG_ENABLE_OBJC_ARC = YES;
				CLANG_ENABLE_OBJC_WEAK = YES;
				CLANG_WARN_BLOCK_CAPTURE_AUTORELEASING = YES;
				CLANG_WARN_BOOL_CONVERSION = YES;
				CLANG_WARN_COMMA = YES;
				CLANG_WARN_CONSTANT_CONVERSION = YES;
				CLANG_WARN_DEPRECATED_OBJC_IMPLEMENTATIONS = YES;
				CLANG_WARN_DIRECT_OBJC_ISA_USAGE = YES_ERROR;
				CLANG_WARN_DOCUMENTATION_COMMENTS = YES;
				CLANG_WARN_EMPTY_BODY = YES;
				CLANG_WARN_ENUM_CONVERSION = YES;
				CLANG_WARN_INFINITE_RECURSION = YES;
				CLANG_WARN_INT_CONVERSION = YES;
				CLANG_WARN_NON_LITERAL_NULL_CONVERSION = YES;
				CLANG_WARN_OBJC_IMPLICIT_RETAIN_SELF = YES;
				CLANG_WARN_OBJC_LITERAL_CONVERSION = YES;
				CLANG_WARN_OBJC_ROOT_CLASS = YES_ERROR;
				CLANG_WARN_RANGE_LOOP_ANALYSIS = YES;
				CLANG_WARN_STRICT_PROTOTYPES = YES;
				CLANG_WARN_SUSPICIOUS_MOVE = YES;
				CLANG_WARN_UNGUARDED_AVAILABILITY = YES_AGGRESSIVE;
				CLANG_WARN_UNREACHABLE_CODE = YES;
				CLANG_WARN__DUPLICATE_METHOD_MATCH = YES;
				COPY_PHASE_STRIP = NO;
				DEBUG_INFORMATION_FORMAT = "dwarf-with-dsym";
				ENABLE_NS_ASSERTIONS = NO;
				ENABLE_STRICT_OBJC_MSGSEND = YES;
				GCC_C_LANGUAGE_STANDARD = gnu11;
				GCC_NO_COMMON_BLOCKS = YES;
				GCC_WARN_64_TO_32_BIT_CONVERSION = YES;
				GCC_WARN_ABOUT_RETURN_TYPE = YES_ERROR;
				GCC_WARN_UNDECLARED_SELECTOR = YES;
				GCC_WARN_UNINITIALIZED_AUTOS = YES_AGGRESSIVE;
				GCC_WARN_UNUSED_FUNCTION = YES;
				GCC_WARN_UNUSED_VARIABLE = YES;
				IPHONEOS_DEPLOYMENT_TARGET = 13.2;
				MTL_ENABLE_DEBUG_INFO = NO;
				MTL_FAST_MATH = YES;
				SDKROOT = iphoneos;
				VALIDATE_PRODUCT = YES;
			};
			name = Release;
		};
		589C1DA323F6ACDE00A45CD5 /* Debug */ = {
			isa = XCBuildConfiguration;
			buildSettings = {
				ASSETCATALOG_COMPILER_APPICON_NAME = AppIcon;
				CODE_SIGN_STYLE = Automatic;
				DEVELOPMENT_TEAM = 2DDX593STW;
				INFOPLIST_FILE = GB_TicketSearch/Info.plist;
				IPHONEOS_DEPLOYMENT_TARGET = 13.2;
				LD_RUNPATH_SEARCH_PATHS = (
					"$(inherited)",
					"@executable_path/Frameworks",
				);
				PRODUCT_BUNDLE_IDENTIFIER = "com.Vitaly-Shishlayannikov.GB-TicketSearch1";
				PRODUCT_NAME = "$(TARGET_NAME)";
				TARGETED_DEVICE_FAMILY = "1,2";
			};
			name = Debug;
		};
		589C1DA423F6ACDE00A45CD5 /* Release */ = {
			isa = XCBuildConfiguration;
			buildSettings = {
				ASSETCATALOG_COMPILER_APPICON_NAME = AppIcon;
				CODE_SIGN_STYLE = Automatic;
				DEVELOPMENT_TEAM = 2DDX593STW;
				INFOPLIST_FILE = GB_TicketSearch/Info.plist;
				IPHONEOS_DEPLOYMENT_TARGET = 13.2;
				LD_RUNPATH_SEARCH_PATHS = (
					"$(inherited)",
					"@executable_path/Frameworks",
				);
				PRODUCT_BUNDLE_IDENTIFIER = "com.Vitaly-Shishlayannikov.GB-TicketSearch1";
				PRODUCT_NAME = "$(TARGET_NAME)";
				TARGETED_DEVICE_FAMILY = "1,2";
			};
			name = Release;
		};
/* End XCBuildConfiguration section */

/* Begin XCConfigurationList section */
		589C1D8423F6ACDD00A45CD5 /* Build configuration list for PBXProject "GB_TicketSearch" */ = {
			isa = XCConfigurationList;
			buildConfigurations = (
				589C1DA023F6ACDE00A45CD5 /* Debug */,
				589C1DA123F6ACDE00A45CD5 /* Release */,
			);
			defaultConfigurationIsVisible = 0;
			defaultConfigurationName = Release;
		};
		589C1DA223F6ACDE00A45CD5 /* Build configuration list for PBXNativeTarget "GB_TicketSearch" */ = {
			isa = XCConfigurationList;
			buildConfigurations = (
				589C1DA323F6ACDE00A45CD5 /* Debug */,
				589C1DA423F6ACDE00A45CD5 /* Release */,
			);
			defaultConfigurationIsVisible = 0;
			defaultConfigurationName = Release;
		};
/* End XCConfigurationList section */
	};
	rootObject = 589C1D8123F6ACDD00A45CD5 /* Project object */;
}
